
Microsoft Visual Studio Solution File, Format Version 12.00
# Visual Studio 15
VisualStudioVersion = 15.0.28010.2003
MinimumVisualStudioVersion = 10.0.40219.1
Project("{FAE04EC0-301F-11D3-BF4B-00C04F79EFBC}") = "App.Android", "App\App.Android\App.Android.csproj", "{8602D03E-F609-411C-84F2-50702F02A421}"
EndProject
Project("{FAE04EC0-301F-11D3-BF4B-00C04F79EFBC}") = "App.iOS", "App\App.iOS\App.iOS.csproj", "{AB595A5E-3C25-4CFB-8549-520EB9354A4A}"
EndProject
Project("{FAE04EC0-301F-11D3-BF4B-00C04F79EFBC}") = "App", "App\App\App.csproj", "{525460B5-B28F-4222-93C5-224F4485CBE1}"
EndProject
Global
	GlobalSection(SolutionConfigurationPlatforms) = preSolution
		Ad-Hoc|Any CPU = Ad-Hoc|Any CPU
		Ad-Hoc|iPhone = Ad-Hoc|iPhone
		Ad-Hoc|iPhoneSimulator = Ad-Hoc|iPhoneSimulator
		AppStore|Any CPU = AppStore|Any CPU
		AppStore|iPhone = AppStore|iPhone
		AppStore|iPhoneSimulator = AppStore|iPhoneSimulator
		Debug|Any CPU = Debug|Any CPU
		Debug|iPhone = Debug|iPhone
		Debug|iPhoneSimulator = Debug|iPhoneSimulator
		Release|Any CPU = Release|Any CPU
		Release|iPhone = Release|iPhone
		Release|iPhoneSimulator = Release|iPhoneSimulator
	EndGlobalSection
	GlobalSection(ProjectConfigurationPlatforms) = postSolution
		{8602D03E-F609-411C-84F2-50702F02A421}.Ad-Hoc|Any CPU.ActiveCfg = Release|Any CPU
		{8602D03E-F609-411C-84F2-50702F02A421}.Ad-Hoc|Any CPU.Build.0 = Release|Any CPU
		{8602D03E-F609-411C-84F2-50702F02A421}.Ad-Hoc|Any CPU.Deploy.0 = Release|Any CPU
		{8602D03E-F609-411C-84F2-50702F02A421}.Ad-Hoc|iPhone.ActiveCfg = Release|Any CPU
		{8602D03E-F609-411C-84F2-50702F02A421}.Ad-Hoc|iPhone.Build.0 = Release|Any CPU
		{8602D03E-F609-411C-84F2-50702F02A421}.Ad-Hoc|iPhone.Deploy.0 = Release|Any CPU
		{8602D03E-F609-411C-84F2-50702F02A421}.Ad-Hoc|iPhoneSimulator.ActiveCfg = Release|Any CPU
		{8602D03E-F609-411C-84F2-50702F02A421}.Ad-Hoc|iPhoneSimulator.Build.0 = Release|Any CPU
		{8602D03E-F609-411C-84F2-50702F02A421}.Ad-Hoc|iPhoneSimulator.Deploy.0 = Release|Any CPU
		{8602D03E-F609-411C-84F2-50702F02A421}.AppStore|Any CPU.ActiveCfg = Release|Any CPU
		{8602D03E-F609-411C-84F2-50702F02A421}.AppStore|Any CPU.Build.0 = Release|Any CPU
		{8602D03E-F609-411C-84F2-50702F02A421}.AppStore|Any CPU.Deploy.0 = Release|Any CPU
		{8602D03E-F609-411C-84F2-50702F02A421}.AppStore|iPhone.ActiveCfg = Release|Any CPU
		{8602D03E-F609-411C-84F2-50702F02A421}.AppStore|iPhone.Build.0 = Release|Any CPU
		{8602D03E-F609-411C-84F2-50702F02A421}.AppStore|iPhone.Deploy.0 = Release|Any CPU
		{8602D03E-F609-411C-84F2-50702F02A421}.AppStore|iPhoneSimulator.ActiveCfg = Release|Any CPU
		{8602D03E-F609-411C-84F2-50702F02A421}.AppStore|iPhoneSimulator.Build.0 = Release|Any CPU
		{8602D03E-F609-411C-84F2-50702F02A421}.AppStore|iPhoneSimulator.Deploy.0 = Release|Any CPU
		{8602D03E-F609-411C-84F2-50702F02A421}.Debug|Any CPU.ActiveCfg = Debug|Any CPU
		{8602D03E-F609-411C-84F2-50702F02A421}.Debug|Any CPU.Build.0 = Debug|Any CPU
		{8602D03E-F609-411C-84F2-50702F02A421}.Debug|Any CPU.Deploy.0 = Debug|Any CPU
		{8602D03E-F609-411C-84F2-50702F02A421}.Debug|iPhone.ActiveCfg = Debug|Any CPU
		{8602D03E-F609-411C-84F2-50702F02A421}.Debug|iPhone.Build.0 = Debug|Any CPU
		{8602D03E-F609-411C-84F2-50702F02A421}.Debug|iPhone.Deploy.0 = Debug|Any CPU
		{8602D03E-F609-411C-84F2-50702F02A421}.Debug|iPhoneSimulator.ActiveCfg = Debug|Any CPU
		{8602D03E-F609-411C-84F2-50702F02A421}.Debug|iPhoneSimulator.Build.0 = Debug|Any CPU
		{8602D03E-F609-411C-84F2-50702F02A421}.Debug|iPhoneSimulator.Deploy.0 = Debug|Any CPU
		{8602D03E-F609-411C-84F2-50702F02A421}.Release|Any CPU.ActiveCfg = Release|Any CPU
		{8602D03E-F609-411C-84F2-50702F02A421}.Release|Any CPU.Build.0 = Release|Any CPU
		{8602D03E-F609-411C-84F2-50702F02A421}.Release|Any CPU.Deploy.0 = Release|Any CPU
		{8602D03E-F609-411C-84F2-50702F02A421}.Release|iPhone.ActiveCfg = Release|Any CPU
		{8602D03E-F609-411C-84F2-50702F02A421}.Release|iPhone.Build.0 = Release|Any CPU
		{8602D03E-F609-411C-84F2-50702F02A421}.Release|iPhone.Deploy.0 = Release|Any CPU
		{8602D03E-F609-411C-84F2-50702F02A421}.Release|iPhoneSimulator.ActiveCfg = Release|Any CPU
		{8602D03E-F609-411C-84F2-50702F02A421}.Release|iPhoneSimulator.Build.0 = Release|Any CPU
		{8602D03E-F609-411C-84F2-50702F02A421}.Release|iPhoneSimulator.Deploy.0 = Release|Any CPU
		{AB595A5E-3C25-4CFB-8549-520EB9354A4A}.Ad-Hoc|Any CPU.ActiveCfg = Ad-Hoc|iPhone
		{AB595A5E-3C25-4CFB-8549-520EB9354A4A}.Ad-Hoc|Any CPU.Build.0 = Ad-Hoc|iPhone
		{AB595A5E-3C25-4CFB-8549-520EB9354A4A}.Ad-Hoc|Any CPU.Deploy.0 = Ad-Hoc|iPhone
		{AB595A5E-3C25-4CFB-8549-520EB9354A4A}.Ad-Hoc|iPhone.ActiveCfg = Ad-Hoc|iPhone
		{AB595A5E-3C25-4CFB-8549-520EB9354A4A}.Ad-Hoc|iPhone.Build.0 = Ad-Hoc|iPhone
		{AB595A5E-3C25-4CFB-8549-520EB9354A4A}.Ad-Hoc|iPhone.Deploy.0 = Ad-Hoc|iPhone
		{AB595A5E-3C25-4CFB-8549-520EB9354A4A}.Ad-Hoc|iPhoneSimulator.ActiveCfg = Ad-Hoc|iPhoneSimulator
		{AB595A5E-3C25-4CFB-8549-520EB9354A4A}.Ad-Hoc|iPhoneSimulator.Build.0 = Ad-Hoc|iPhoneSimulator
		{AB595A5E-3C25-4CFB-8549-520EB9354A4A}.Ad-Hoc|iPhoneSimulator.Deploy.0 = Ad-Hoc|iPhoneSimulator
		{AB595A5E-3C25-4CFB-8549-520EB9354A4A}.AppStore|Any CPU.ActiveCfg = AppStore|iPhone
		{AB595A5E-3C25-4CFB-8549-520EB9354A4A}.AppStore|Any CPU.Build.0 = AppStore|iPhone
		{AB595A5E-3C25-4CFB-8549-520EB9354A4A}.AppStore|Any CPU.Deploy.0 = AppStore|iPhone
		{AB595A5E-3C25-4CFB-8549-520EB9354A4A}.AppStore|iPhone.ActiveCfg = AppStore|iPhone
		{AB595A5E-3C25-4CFB-8549-520EB9354A4A}.AppStore|iPhone.Build.0 = AppStore|iPhone
		{AB595A5E-3C25-4CFB-8549-520EB9354A4A}.AppStore|iPhone.Deploy.0 = AppStore|iPhone
		{AB595A5E-3C25-4CFB-8549-520EB9354A4A}.AppStore|iPhoneSimulator.ActiveCfg = AppStore|iPhoneSimulator
		{AB595A5E-3C25-4CFB-8549-520EB9354A4A}.AppStore|iPhoneSimulator.Build.0 = AppStore|iPhoneSimulator
		{AB595A5E-3C25-4CFB-8549-520EB9354A4A}.AppStore|iPhoneSimulator.Deploy.0 = AppStore|iPhoneSimulator
		{AB595A5E-3C25-4CFB-8549-520EB9354A4A}.Debug|Any CPU.ActiveCfg = Debug|iPhoneSimulator
		{AB595A5E-3C25-4CFB-8549-520EB9354A4A}.Debug|Any CPU.Build.0 = Debug|iPhoneSimulator
		{AB595A5E-3C25-4CFB-8549-520EB9354A4A}.Debug|Any CPU.Deploy.0 = Debug|iPhoneSimulator
		{AB595A5E-3C25-4CFB-8549-520EB9354A4A}.Debug|iPhone.ActiveCfg = Debug|iPhone
		{AB595A5E-3C25-4CFB-8549-520EB9354A4A}.Debug|iPhone.Build.0 = Debug|iPhone
		{AB595A5E-3C25-4CFB-8549-520EB9354A4A}.Debug|iPhone.Deploy.0 = Debug|iPhone
		{AB595A5E-3C25-4CFB-8549-520EB9354A4A}.Debug|iPhoneSimulator.ActiveCfg = Debug|iPhoneSimulator
		{AB595A5E-3C25-4CFB-8549-520EB9354A4A}.Debug|iPhoneSimulator.Build.0 = Debug|iPhoneSimulator
		{AB595A5E-3C25-4CFB-8549-520EB9354A4A}.Debug|iPhoneSimulator.Deploy.0 = Debug|iPhoneSimulator
		{AB595A5E-3C25-4CFB-8549-520EB9354A4A}.Release|Any CPU.ActiveCfg = Release|iPhone
		{AB595A5E-3C25-4CFB-8549-520EB9354A4A}.Release|Any CPU.Build.0 = Release|iPhone
		{AB595A5E-3C25-4CFB-8549-520EB9354A4A}.Release|Any CPU.Deploy.0 = Release|iPhone
		{AB595A5E-3C25-4CFB-8549-520EB9354A4A}.Release|iPhone.ActiveCfg = Release|iPhone
		{AB595A5E-3C25-4CFB-8549-520EB9354A4A}.Release|iPhone.Build.0 = Release|iPhone
		{AB595A5E-3C25-4CFB-8549-520EB9354A4A}.Release|iPhone.Deploy.0 = Release|iPhone
		{AB595A5E-3C25-4CFB-8549-520EB9354A4A}.Release|iPhoneSimulator.ActiveCfg = Release|iPhoneSimulator
		{AB595A5E-3C25-4CFB-8549-520EB9354A4A}.Release|iPhoneSimulator.Build.0 = Release|iPhoneSimulator
		{AB595A5E-3C25-4CFB-8549-520EB9354A4A}.Release|iPhoneSimulator.Deploy.0 = Release|iPhoneSimulator
		{525460B5-B28F-4222-93C5-224F4485CBE1}.Ad-Hoc|Any CPU.ActiveCfg = Debug|Any CPU
		{525460B5-B28F-4222-93C5-224F4485CBE1}.Ad-Hoc|Any CPU.Build.0 = Debug|Any CPU
		{525460B5-B28F-4222-93C5-224F4485CBE1}.Ad-Hoc|Any CPU.Deploy.0 = Debug|Any CPU
		{525460B5-B28F-4222-93C5-224F4485CBE1}.Ad-Hoc|iPhone.ActiveCfg = Debug|Any CPU
		{525460B5-B28F-4222-93C5-224F4485CBE1}.Ad-Hoc|iPhone.Build.0 = Debug|Any CPU
		{525460B5-B28F-4222-93C5-224F4485CBE1}.Ad-Hoc|iPhone.Deploy.0 = Debug|Any CPU
		{525460B5-B28F-4222-93C5-224F4485CBE1}.Ad-Hoc|iPhoneSimulator.ActiveCfg = Debug|Any CPU
		{525460B5-B28F-4222-93C5-224F4485CBE1}.Ad-Hoc|iPhoneSimulator.Build.0 = Debug|Any CPU
		{525460B5-B28F-4222-93C5-224F4485CBE1}.Ad-Hoc|iPhoneSimulator.Deploy.0 = Debug|Any CPU
		{525460B5-B28F-4222-93C5-224F4485CBE1}.AppStore|Any CPU.ActiveCfg = Debug|Any CPU
		{525460B5-B28F-4222-93C5-224F4485CBE1}.AppStore|Any CPU.Build.0 = Debug|Any CPU
		{525460B5-B28F-4222-93C5-224F4485CBE1}.AppStore|Any CPU.Deploy.0 = Debug|Any CPU
		{525460B5-B28F-4222-93C5-224F4485CBE1}.AppStore|iPhone.ActiveCfg = Debug|Any CPU
		{525460B5-B28F-4222-93C5-224F4485CBE1}.AppStore|iPhone.Build.0 = Debug|Any CPU
		{525460B5-B28F-4222-93C5-224F4485CBE1}.AppStore|iPhone.Deploy.0 = Debug|Any CPU
		{525460B5-B28F-4222-93C5-224F4485CBE1}.AppStore|iPhoneSimulator.ActiveCfg = Debug|Any CPU
		{525460B5-B28F-4222-93C5-224F4485CBE1}.AppStore|iPhoneSimulator.Build.0 = Debug|Any CPU
		{525460B5-B28F-4222-93C5-224F4485CBE1}.AppStore|iPhoneSimulator.Deploy.0 = Debug|Any CPU
		{525460B5-B28F-4222-93C5-224F4485CBE1}.Debug|Any CPU.ActiveCfg = Debug|Any CPU
		{525460B5-B28F-4222-93C5-224F4485CBE1}.Debug|Any CPU.Build.0 = Debug|Any CPU
		{525460B5-B28F-4222-93C5-224F4485CBE1}.Debug|Any CPU.Deploy.0 = Debug|Any CPU
		{525460B5-B28F-4222-93C5-224F4485CBE1}.Debug|iPhone.ActiveCfg = Debug|Any CPU
		{525460B5-B28F-4222-93C5-224F4485CBE1}.Debug|iPhone.Build.0 = Debug|Any CPU
		{525460B5-B28F-4222-93C5-224F4485CBE1}.Debug|iPhone.Deploy.0 = Debug|Any CPU
		{525460B5-B28F-4222-93C5-224F4485CBE1}.Debug|iPhoneSimulator.ActiveCfg = Debug|Any CPU
		{525460B5-B28F-4222-93C5-224F4485CBE1}.Debug|iPhoneSimulator.Build.0 = Debug|Any CPU
		{525460B5-B28F-4222-93C5-224F4485CBE1}.Debug|iPhoneSimulator.Deploy.0 = Debug|Any CPU
		{525460B5-B28F-4222-93C5-224F4485CBE1}.Release|Any CPU.ActiveCfg = Release|Any CPU
		{525460B5-B28F-4222-93C5-224F4485CBE1}.Release|Any CPU.Build.0 = Release|Any CPU
		{525460B5-B28F-4222-93C5-224F4485CBE1}.Release|Any CPU.Deploy.0 = Release|Any CPU
		{525460B5-B28F-4222-93C5-224F4485CBE1}.Release|iPhone.ActiveCfg = Release|Any CPU
		{525460B5-B28F-4222-93C5-224F4485CBE1}.Release|iPhone.Build.0 = Release|Any CPU
		{525460B5-B28F-4222-93C5-224F4485CBE1}.Release|iPhone.Deploy.0 = Release|Any CPU
		{525460B5-B28F-4222-93C5-224F4485CBE1}.Release|iPhoneSimulator.ActiveCfg = Release|Any CPU
		{525460B5-B28F-4222-93C5-224F4485CBE1}.Release|iPhoneSimulator.Build.0 = Release|Any CPU
		{525460B5-B28F-4222-93C5-224F4485CBE1}.Release|iPhoneSimulator.Deploy.0 = Release|Any CPU
	EndGlobalSection
	GlobalSection(SolutionProperties) = preSolution
		HideSolutionNode = FALSE
	EndGlobalSection
	GlobalSection(ExtensibilityGlobals) = postSolution
		SolutionGuid = {AEC3647E-A93A-4802-9B2F-D23A13E26B81}
	EndGlobalSection
EndGlobal
